{
  "name": "sns-profile-page",
  "lockfileVersion": 2,
  "requires": true,
  "packages": {
    "": {
      "dependencies": {
        "uikit": "^3.9.4"
      }
    },
    "node_modules/uikit": {
      "version": "3.9.4",
      "resolved": "https://registry.npmjs.org/uikit/-/uikit-3.9.4.tgz",
      "integrity": "sha512-mrOr/k3a/6/VBXgnqmQFg0l2ipZyoTpULZZgJ0RVHZz97HNrc28KQsb24pl8wxtw+BGpD39nfMhSmOznyOZuHw=="
    }
  },
  "dependencies": {
    "uikit": {
      "version": "3.9.4",
      "resolved": "https://registry.npmjs.org/uikit/-/uikit-3.9.4.tgz",
      "integrity": "sha512-mrOr/k3a/6/VBXgnqmQFg0l2ipZyoTpULZZgJ0RVHZz97HNrc28KQsb24pl8wxtw+BGpD39nfMhSmOznyOZuHw=="
    }
  }
}
